{
  "name": "markdowngeneration",
  "lockfileVersion": 2,
  "requires": true,
  "packages": {
    "": {
      "dependencies": {
        "marked": "^9.1.5"
      }
    },
    "node_modules/marked": {
      "version": "9.1.5",
      "resolved": "https://registry.npmjs.org/marked/-/marked-9.1.5.tgz",
      "integrity": "sha512-14QG3shv8Kg/xc0Yh6TNkMj90wXH9mmldi5941I2OevfJ/FQAFLEwtwU2/FfgSAOMlWHrEukWSGQf8MiVYNG2A==",
      "bin": {
        "marked": "bin/marked.js"
      },
      "engines": {
        "node": ">= 16"
      }
    }
  },
  "dependencies": {
    "marked": {
      "version": "9.1.5",
      "resolved": "https://registry.npmjs.org/marked/-/marked-9.1.5.tgz",
      "integrity": "sha512-14QG3shv8Kg/xc0Yh6TNkMj90wXH9mmldi5941I2OevfJ/FQAFLEwtwU2/FfgSAOMlWHrEukWSGQf8MiVYNG2A=="
    }
  }
}
